
Microsoft Visual Studio Solution File, Format Version 12.00
# Visual Studio 14
VisualStudioVersion = 14.0.23107.0
MinimumVisualStudioVersion = 10.0.40219.1
Project("{FAE04EC0-301F-11D3-BF4B-00C04F79EFBC}") = "RunRight2", "RunRight2\RunRight2.csproj", "{817FFFB7-85D8-44B8-BD9A-BB31D828AFCE}"
EndProject
Global
	GlobalSection(SolutionConfigurationPlatforms) = preSolution
		Debug|Any CPU = Debug|Any CPU
		Release|Any CPU = Release|Any CPU
	EndGlobalSection
	GlobalSection(ProjectConfigurationPlatforms) = postSolution
		{817FFFB7-85D8-44B8-BD9A-BB31D828AFCE}.Debug|Any CPU.ActiveCfg = Debug|Any CPU
		{817FFFB7-85D8-44B8-BD9A-BB31D828AFCE}.Debug|Any CPU.Build.0 = Debug|Any CPU
		{817FFFB7-85D8-44B8-BD9A-BB31D828AFCE}.Release|Any CPU.ActiveCfg = Release|Any CPU
		{817FFFB7-85D8-44B8-BD9A-BB31D828AFCE}.Release|Any CPU.Build.0 = Release|Any CPU
	EndGlobalSection
	GlobalSection(SolutionProperties) = preSolution
		HideSolutionNode = FALSE
	EndGlobalSection
EndGlobal
